
Microsoft Visual Studio Solution File, Format Version 12.00
# Visual Studio 15
VisualStudioVersion = 15.0.26124.0
MinimumVisualStudioVersion = 15.0.26124.0
Project("{FAE04EC0-301F-11D3-BF4B-00C04F79EFBC}") = "fc-csharp-sdk-samples", "fc-csharp-sdk-samples\fc-csharp-sdk-samples.csproj", "{C5BB7FE7-11C5-41ED-B584-38A80C5F6E40}"
EndProject
Project("{FAE04EC0-301F-11D3-BF4B-00C04F79EFBC}") = "fc-code-samples", "fc-code-samples\fc-code-samples.csproj", "{36D54CBD-E04C-4A5C-BAB8-E53C39451694}"
EndProject
Global
	GlobalSection(SolutionConfigurationPlatforms) = preSolution
		Debug|Any CPU = Debug|Any CPU
		Debug|x64 = Debug|x64
		Debug|x86 = Debug|x86
		Release|Any CPU = Release|Any CPU
		Release|x64 = Release|x64
		Release|x86 = Release|x86
	EndGlobalSection
	GlobalSection(SolutionProperties) = preSolution
		HideSolutionNode = FALSE
	EndGlobalSection
	GlobalSection(ProjectConfigurationPlatforms) = postSolution
		{C5BB7FE7-11C5-41ED-B584-38A80C5F6E40}.Debug|Any CPU.ActiveCfg = Debug|Any CPU
		{C5BB7FE7-11C5-41ED-B584-38A80C5F6E40}.Debug|Any CPU.Build.0 = Debug|Any CPU
		{C5BB7FE7-11C5-41ED-B584-38A80C5F6E40}.Debug|x64.ActiveCfg = Debug|Any CPU
		{C5BB7FE7-11C5-41ED-B584-38A80C5F6E40}.Debug|x64.Build.0 = Debug|Any CPU
		{C5BB7FE7-11C5-41ED-B584-38A80C5F6E40}.Debug|x86.ActiveCfg = Debug|Any CPU
		{C5BB7FE7-11C5-41ED-B584-38A80C5F6E40}.Debug|x86.Build.0 = Debug|Any CPU
		{C5BB7FE7-11C5-41ED-B584-38A80C5F6E40}.Release|Any CPU.ActiveCfg = Release|Any CPU
		{C5BB7FE7-11C5-41ED-B584-38A80C5F6E40}.Release|Any CPU.Build.0 = Release|Any CPU
		{C5BB7FE7-11C5-41ED-B584-38A80C5F6E40}.Release|x64.ActiveCfg = Release|Any CPU
		{C5BB7FE7-11C5-41ED-B584-38A80C5F6E40}.Release|x64.Build.0 = Release|Any CPU
		{C5BB7FE7-11C5-41ED-B584-38A80C5F6E40}.Release|x86.ActiveCfg = Release|Any CPU
		{C5BB7FE7-11C5-41ED-B584-38A80C5F6E40}.Release|x86.Build.0 = Release|Any CPU
		{36D54CBD-E04C-4A5C-BAB8-E53C39451694}.Debug|Any CPU.ActiveCfg = Debug|Any CPU
		{36D54CBD-E04C-4A5C-BAB8-E53C39451694}.Debug|Any CPU.Build.0 = Debug|Any CPU
		{36D54CBD-E04C-4A5C-BAB8-E53C39451694}.Debug|x64.ActiveCfg = Debug|Any CPU
		{36D54CBD-E04C-4A5C-BAB8-E53C39451694}.Debug|x64.Build.0 = Debug|Any CPU
		{36D54CBD-E04C-4A5C-BAB8-E53C39451694}.Debug|x86.ActiveCfg = Debug|Any CPU
		{36D54CBD-E04C-4A5C-BAB8-E53C39451694}.Debug|x86.Build.0 = Debug|Any CPU
		{36D54CBD-E04C-4A5C-BAB8-E53C39451694}.Release|Any CPU.ActiveCfg = Release|Any CPU
		{36D54CBD-E04C-4A5C-BAB8-E53C39451694}.Release|Any CPU.Build.0 = Release|Any CPU
		{36D54CBD-E04C-4A5C-BAB8-E53C39451694}.Release|x64.ActiveCfg = Release|Any CPU
		{36D54CBD-E04C-4A5C-BAB8-E53C39451694}.Release|x64.Build.0 = Release|Any CPU
		{36D54CBD-E04C-4A5C-BAB8-E53C39451694}.Release|x86.ActiveCfg = Release|Any CPU
		{36D54CBD-E04C-4A5C-BAB8-E53C39451694}.Release|x86.Build.0 = Release|Any CPU
	EndGlobalSection
EndGlobal
